// !$*UTF8*$!
{
	archiveVersion = 1;
	classes = {
	};
	objectVersion = 56;
	objects = {

/* Begin PBXBuildFile section */
		F97A9A092A07B22C00271D7D /* UserCell.swift in Sources */ = {isa = PBXBuildFile; fileRef = F97A9A082A07B22C00271D7D /* UserCell.swift */; };
		F97A9A0B2A07B60F00271D7D /* NetworkManager.swift in Sources */ = {isa = PBXBuildFile; fileRef = F97A9A0A2A07B60F00271D7D /* NetworkManager.swift */; };
		F97A9A0D2A07B62D00271D7D /* User.swift in Sources */ = {isa = PBXBuildFile; fileRef = F97A9A0C2A07B62D00271D7D /* User.swift */; };
		F97A9A0F2A07B63D00271D7D /* Error.swift in Sources */ = {isa = PBXBuildFile; fileRef = F97A9A0E2A07B63D00271D7D /* Error.swift */; };
		F97A9A112A07B67C00271D7D /* UserDetailView.swift in Sources */ = {isa = PBXBuildFile; fileRef = F97A9A102A07B67C00271D7D /* UserDetailView.swift */; };
		F97A9A132A07B78E00271D7D /* UserViewViewModel.swift in Sources */ = {isa = PBXBuildFile; fileRef = F97A9A122A07B78E00271D7D /* UserViewViewModel.swift */; };
		F9AA8C692A00F39D0045AE52 /* LazyVGridExampleApp.swift in Sources */ = {isa = PBXBuildFile; fileRef = F9AA8C682A00F39D0045AE52 /* LazyVGridExampleApp.swift */; };
		F9AA8C6B2A00F39D0045AE52 /* UserView.swift in Sources */ = {isa = PBXBuildFile; fileRef = F9AA8C6A2A00F39D0045AE52 /* UserView.swift */; };
		F9AA8C6D2A00F39E0045AE52 /* Assets.xcassets in Resources */ = {isa = PBXBuildFile; fileRef = F9AA8C6C2A00F39E0045AE52 /* Assets.xcassets */; };
		F9AA8C702A00F39E0045AE52 /* Preview Assets.xcassets in Resources */ = {isa = PBXBuildFile; fileRef = F9AA8C6F2A00F39E0045AE52 /* Preview Assets.xcassets */; };
/* End PBXBuildFile section */

/* Begin PBXFileReference section */
		F97A9A082A07B22C00271D7D /* UserCell.swift */ = {isa = PBXFileReference; lastKnownFileType = sourcecode.swift; path = UserCell.swift; sourceTree = "<group>"; };
		F97A9A0A2A07B60F00271D7D /* NetworkManager.swift */ = {isa = PBXFileReference; lastKnownFileType = sourcecode.swift; path = NetworkManager.swift; sourceTree = "<group>"; };
		F97A9A0C2A07B62D00271D7D /* User.swift */ = {isa = PBXFileReference; lastKnownFileType = sourcecode.swift; path = User.swift; sourceTree = "<group>"; };
		F97A9A0E2A07B63D00271D7D /* Error.swift */ = {isa = PBXFileReference; lastKnownFileType = sourcecode.swift; path = Error.swift; sourceTree = "<group>"; };
		F97A9A102A07B67C00271D7D /* UserDetailView.swift */ = {isa = PBXFileReference; lastKnownFileType = sourcecode.swift; path = UserDetailView.swift; sourceTree = "<group>"; };
		F97A9A122A07B78E00271D7D /* UserViewViewModel.swift */ = {isa = PBXFileReference; lastKnownFileType = sourcecode.swift; path = UserViewViewModel.swift; sourceTree = "<group>"; };
		F9AA8C652A00F39D0045AE52 /* LazyVGridExample.app */ = {isa = PBXFileReference; explicitFileType = wrapper.application; includeInIndex = 0; path = LazyVGridExample.app; sourceTree = BUILT_PRODUCTS_DIR; };
		F9AA8C682A00F39D0045AE52 /* LazyVGridExampleApp.swift */ = {isa = PBXFileReference; lastKnownFileType = sourcecode.swift; path = LazyVGridExampleApp.swift; sourceTree = "<group>"; };
		F9AA8C6A2A00F39D0045AE52 /* UserView.swift */ = {isa = PBXFileReference; lastKnownFileType = sourcecode.swift; path = UserView.swift; sourceTree = "<group>"; };
		F9AA8C6C2A00F39E0045AE52 /* Assets.xcassets */ = {isa = PBXFileReference; lastKnownFileType = folder.assetcatalog; path = Assets.xcassets; sourceTree = "<group>"; };
		F9AA8C6F2A00F39E0045AE52 /* Preview Assets.xcassets */ = {isa = PBXFileReference; lastKnownFileType = folder.assetcatalog; path = "Preview Assets.xcassets"; sourceTree = "<group>"; };
/* End PBXFileReference section */

/* Begin PBXFrameworksBuildPhase section */
		F9AA8C622A00F39D0045AE52 /* Frameworks */ = {
			isa = PBXFrameworksBuildPhase;
			buildActionMask = 2147483647;
			files = (
			);
			runOnlyForDeploymentPostprocessing = 0;
		};
/* End PBXFrameworksBuildPhase section */

/* Begin PBXGroup section */
		F9AA8C5C2A00F39D0045AE52 = {
			isa = PBXGroup;
			children = (
				F9AA8C672A00F39D0045AE52 /* LazyVGridExample */,
				F9AA8C662A00F39D0045AE52 /* Products */,
			);
			sourceTree = "<group>";
		};
		F9AA8C662A00F39D0045AE52 /* Products */ = {
			isa = PBXGroup;
			children = (
				F9AA8C652A00F39D0045AE52 /* LazyVGridExample.app */,
			);
			name = Products;
			sourceTree = "<group>";
		};
		F9AA8C672A00F39D0045AE52 /* LazyVGridExample */ = {
			isa = PBXGroup;
			children = (
				F9AA8C682A00F39D0045AE52 /* LazyVGridExampleApp.swift */,
				F9AA8C6A2A00F39D0045AE52 /* UserView.swift */,
				F97A9A122A07B78E00271D7D /* UserViewViewModel.swift */,
				F9AA8C6C2A00F39E0045AE52 /* Assets.xcassets */,
				F9AA8C6E2A00F39E0045AE52 /* Preview Content */,
				F97A9A082A07B22C00271D7D /* UserCell.swift */,
				F97A9A0A2A07B60F00271D7D /* NetworkManager.swift */,
				F97A9A0C2A07B62D00271D7D /* User.swift */,
				F97A9A0E2A07B63D00271D7D /* Error.swift */,
				F97A9A102A07B67C00271D7D /* UserDetailView.swift */,
			);
			path = LazyVGridExample;
			sourceTree = "<group>";
		};
		F9AA8C6E2A00F39E0045AE52 /* Preview Content */ = {
			isa = PBXGroup;
			children = (
				F9AA8C6F2A00F39E0045AE52 /* Preview Assets.xcassets */,
			);
			path = "Preview Content";
			sourceTree = "<group>";
		};
/* End PBXGroup section */

/* Begin PBXNativeTarget section */
		F9AA8C642A00F39D0045AE52 /* LazyVGridExample */ = {
			isa = PBXNativeTarget;
			buildConfigurationList = F9AA8C732A00F39E0045AE52 /* Build configuration list for PBXNativeTarget "LazyVGridExample" */;
			buildPhases = (
				F9AA8C612A00F39D0045AE52 /* Sources */,
				F9AA8C622A00F39D0045AE52 /* Frameworks */,
				F9AA8C632A00F39D0045AE52 /* Resources */,
			);
			buildRules = (
			);
			dependencies = (
			);
			name = LazyVGridExample;
			productName = LazyVGridExample;
			productReference = F9AA8C652A00F39D0045AE52 /* LazyVGridExample.app */;
			productType = "com.apple.product-type.application";
		};
/* End PBXNativeTarget section */

/* Begin PBXProject section */
		F9AA8C5D2A00F39D0045AE52 /* Project object */ = {
			isa = PBXProject;
			attributes = {
				BuildIndependentTargetsInParallel = 1;
				LastSwiftUpdateCheck = 1430;
				LastUpgradeCheck = 1430;
				TargetAttributes = {
					F9AA8C642A00F39D0045AE52 = {
						CreatedOnToolsVersion = 14.3;
					};
				};
			};
			buildConfigurationList = F9AA8C602A00F39D0045AE52 /* Build configuration list for PBXProject "LazyVGridExample" */;
			compatibilityVersion = "Xcode 14.0";
			developmentRegion = en;
			hasScannedForEncodings = 0;
			knownRegions = (
				en,
				Base,
			);
			mainGroup = F9AA8C5C2A00F39D0045AE52;
			productRefGroup = F9AA8C662A00F39D0045AE52 /* Products */;
			projectDirPath = "";
			projectRoot = "";
			targets = (
				F9AA8C642A00F39D0045AE52 /* LazyVGridExample */,
			);
		};
/* End PBXProject section */

/* Begin PBXResourcesBuildPhase section */
		F9AA8C632A00F39D0045AE52 /* Resources */ = {
			isa = PBXResourcesBuildPhase;
			buildActionMask = 2147483647;
			files = (
				F9AA8C702A00F39E0045AE52 /* Preview Assets.xcassets in Resources */,
				F9AA8C6D2A00F39E0045AE52 /* Assets.xcassets in Resources */,
			);
			runOnlyForDeploymentPostprocessing = 0;
		};
/* End PBXResourcesBuildPhase section */

/* Begin PBXSourcesBuildPhase section */
		F9AA8C612A00F39D0045AE52 /* Sources */ = {
			isa = PBXSourcesBuildPhase;
			buildActionMask = 2147483647;
			files = (
				F97A9A132A07B78E00271D7D /* UserViewViewModel.swift in Sources */,
				F97A9A0B2A07B60F00271D7D /* NetworkManager.swift in Sources */,
				F9AA8C6B2A00F39D0045AE52 /* UserView.swift in Sources */,
				F9AA8C692A00F39D0045AE52 /* LazyVGridExampleApp.swift in Sources */,
				F97A9A0D2A07B62D00271D7D /* User.swift in Sources */,
				F97A9A112A07B67C00271D7D /* UserDetailView.swift in Sources */,
				F97A9A0F2A07B63D00271D7D /* Error.swift in Sources */,
				F97A9A092A07B22C00271D7D /* UserCell.swift in Sources */,
			);
			runOnlyForDeploymentPostprocessing = 0;
		};
/* End PBXSourcesBuildPhase section */

/* Begin XCBuildConfiguration section */
		F9AA8C712A00F39E0045AE52 /* Debug */ = {
			isa = XCBuildConfiguration;
			buildSettings = {
				ALWAYS_SEARCH_USER_PATHS = NO;
				CLANG_ANALYZER_NONNULL = YES;
				CLANG_ANALYZER_NUMBER_OBJECT_CONVERSION = YES_AGGRESSIVE;
				CLANG_CXX_LANGUAGE_STANDARD = "gnu++20";
				CLANG_ENABLE_MODULES = YES;
				CLANG_ENABLE_OBJC_ARC = YES;
				CLANG_ENABLE_OBJC_WEAK = YES;
				CLANG_WARN_BLOCK_CAPTURE_AUTORELEASING = YES;
				CLANG_WARN_BOOL_CONVERSION = YES;
				CLANG_WARN_COMMA = YES;
				CLANG_WARN_CONSTANT_CONVERSION = YES;
				CLANG_WARN_DEPRECATED_OBJC_IMPLEMENTATIONS = YES;
				CLANG_WARN_DIRECT_OBJC_ISA_USAGE = YES_ERROR;
				CLANG_WARN_DOCUMENTATION_COMMENTS = YES;
				CLANG_WARN_EMPTY_BODY = YES;
				CLANG_WARN_ENUM_CONVERSION = YES;
				CLANG_WARN_INFINITE_RECURSION = YES;
				CLANG_WARN_INT_CONVERSION = YES;
				CLANG_WARN_NON_LITERAL_NULL_CONVERSION = YES;
				CLANG_WARN_OBJC_IMPLICIT_RETAIN_SELF = YES;
				CLANG_WARN_OBJC_LITERAL_CONVERSION = YES;
				CLANG_WARN_OBJC_ROOT_CLASS = YES_ERROR;
				CLANG_WARN_QUOTED_INCLUDE_IN_FRAMEWORK_HEADER = YES;
				CLANG_WARN_RANGE_LOOP_ANALYSIS = YES;
				CLANG_WARN_STRICT_PROTOTYPES = YES;
				CLANG_WARN_SUSPICIOUS_MOVE = YES;
				CLANG_WARN_UNGUARDED_AVAILABILITY = YES_AGGRESSIVE;
				CLANG_WARN_UNREACHABLE_CODE = YES;
				CLANG_WARN__DUPLICATE_METHOD_MATCH = YES;
				COPY_PHASE_STRIP = NO;
				DEBUG_INFORMATION_FORMAT = dwarf;
				ENABLE_STRICT_OBJC_MSGSEND = YES;
				ENABLE_TESTABILITY = YES;
				GCC_C_LANGUAGE_STANDARD = gnu11;
				GCC_DYNAMIC_NO_PIC = NO;
				GCC_NO_COMMON_BLOCKS = YES;
				GCC_OPTIMIZATION_LEVEL = 0;
				GCC_PREPROCESSOR_DEFINITIONS = (
					"DEBUG=1",
					"$(inherited)",
				);
				GCC_WARN_64_TO_32_BIT_CONVERSION = YES;
				GCC_WARN_ABOUT_RETURN_TYPE = YES_ERROR;
				GCC_WARN_UNDECLARED_SELECTOR = YES;
				GCC_WARN_UNINITIALIZED_AUTOS = YES_AGGRESSIVE;
				GCC_WARN_UNUSED_FUNCTION = YES;
				GCC_WARN_UNUSED_VARIABLE = YES;
				IPHONEOS_DEPLOYMENT_TARGET = 16.4;
				MTL_ENABLE_DEBUG_INFO = INCLUDE_SOURCE;
				MTL_FAST_MATH = YES;
				ONLY_ACTIVE_ARCH = YES;
				SDKROOT = iphoneos;
				SWIFT_ACTIVE_COMPILATION_CONDITIONS = DEBUG;
				SWIFT_OPTIMIZATION_LEVEL = "-Onone";
			};
			name = Debug;
		};
		F9AA8C722A00F39E0045AE52 /* Release */ = {
			isa = XCBuildConfiguration;
			buildSettings = {
				ALWAYS_SEARCH_USER_PATHS = NO;
				CLANG_ANALYZER_NONNULL = YES;
				CLANG_ANALYZER_NUMBER_OBJECT_CONVERSION = YES_AGGRESSIVE;
				CLANG_CXX_LANGUAGE_STANDARD = "gnu++20";
				CLANG_ENABLE_MODULES = YES;
				CLANG_ENABLE_OBJC_ARC = YES;
				CLANG_ENABLE_OBJC_WEAK = YES;
				CLANG_WARN_BLOCK_CAPTURE_AUTORELEASING = YES;
				CLANG_WARN_BOOL_CONVERSION = YES;
				CLANG_WARN_COMMA = YES;
				CLANG_WARN_CONSTANT_CONVERSION = YES;
				CLANG_WARN_DEPRECATED_OBJC_IMPLEMENTATIONS = YES;
				CLANG_WARN_DIRECT_OBJC_ISA_USAGE = YES_ERROR;
				CLANG_WARN_DOCUMENTATION_COMMENTS = YES;
				CLANG_WARN_EMPTY_BODY = YES;
				CLANG_WARN_ENUM_CONVERSION = YES;
				CLANG_WARN_INFINITE_RECURSION = YES;
				CLANG_WARN_INT_CONVERSION = YES;
				CLANG_WARN_NON_LITERAL_NULL_CONVERSION = YES;
				CLANG_WARN_OBJC_IMPLICIT_RETAIN_SELF = YES;
				CLANG_WARN_OBJC_LITERAL_CONVERSION = YES;
				CLANG_WARN_OBJC_ROOT_CLASS = YES_ERROR;
				CLANG_WARN_QUOTED_INCLUDE_IN_FRAMEWORK_HEADER = YES;
				CLANG_WARN_RANGE_LOOP_ANALYSIS = YES;
				CLANG_WARN_STRICT_PROTOTYPES = YES;
				CLANG_WARN_SUSPICIOUS_MOVE = YES;
				CLANG_WARN_UNGUARDED_AVAILABILITY = YES_AGGRESSIVE;
				CLANG_WARN_UNREACHABLE_CODE = YES;
				CLANG_WARN__DUPLICATE_METHOD_MATCH = YES;
				COPY_PHASE_STRIP = NO;
				DEBUG_INFORMATION_FORMAT = "dwarf-with-dsym";
				ENABLE_NS_ASSERTIONS = NO;
				ENABLE_STRICT_OBJC_MSGSEND = YES;
				GCC_C_LANGUAGE_STANDARD = gnu11;
				GCC_NO_COMMON_BLOCKS = YES;
				GCC_WARN_64_TO_32_BIT_CONVERSION = YES;
				GCC_WARN_ABOUT_RETURN_TYPE = YES_ERROR;
				GCC_WARN_UNDECLARED_SELECTOR = YES;
				GCC_WARN_UNINITIALIZED_AUTOS = YES_AGGRESSIVE;
				GCC_WARN_UNUSED_FUNCTION = YES;
				GCC_WARN_UNUSED_VARIABLE = YES;
				IPHONEOS_DEPLOYMENT_TARGET = 16.4;
				MTL_ENABLE_DEBUG_INFO = NO;
				MTL_FAST_MATH = YES;
				SDKROOT = iphoneos;
				SWIFT_COMPILATION_MODE = wholemodule;
				SWIFT_OPTIMIZATION_LEVEL = "-O";
				VALIDATE_PRODUCT = YES;
			};
			name = Release;
		};
		F9AA8C742A00F39E0045AE52 /* Debug */ = {
			isa = XCBuildConfiguration;
			buildSettings = {
				ASSETCATALOG_COMPILER_APPICON_NAME = AppIcon;
				ASSETCATALOG_COMPILER_GLOBAL_ACCENT_COLOR_NAME = AccentColor;
				CODE_SIGN_STYLE = Automatic;
				CURRENT_PROJECT_VERSION = 1;
				DEVELOPMENT_ASSET_PATHS = "\"LazyVGridExample/Preview Content\"";
				DEVELOPMENT_TEAM = 4UKW9GMJPD;
				ENABLE_PREVIEWS = YES;
				GENERATE_INFOPLIST_FILE = YES;
				INFOPLIST_KEY_UIApplicationSceneManifest_Generation = YES;
				INFOPLIST_KEY_UIApplicationSupportsIndirectInputEvents = YES;
				INFOPLIST_KEY_UILaunchScreen_Generation = YES;
				INFOPLIST_KEY_UISupportedInterfaceOrientations_iPad = "UIInterfaceOrientationPortrait UIInterfaceOrientationPortraitUpsideDown UIInterfaceOrientationLandscapeLeft UIInterfaceOrientationLandscapeRight";
				INFOPLIST_KEY_UISupportedInterfaceOrientations_iPhone = "UIInterfaceOrientationPortrait UIInterfaceOrientationLandscapeLeft UIInterfaceOrientationLandscapeRight";
				LD_RUNPATH_SEARCH_PATHS = (
					"$(inherited)",
					"@executable_path/Frameworks",
				);
				MARKETING_VERSION = 1.0;
				PRODUCT_BUNDLE_IDENTIFIER = co.jasmanarora.LazyVGridExample;
				PRODUCT_NAME = "$(TARGET_NAME)";
				SWIFT_EMIT_LOC_STRINGS = YES;
				SWIFT_VERSION = 5.0;
				TARGETED_DEVICE_FAMILY = "1,2";
			};
			name = Debug;
		};
		F9AA8C752A00F39E0045AE52 /* Release */ = {
			isa = XCBuildConfiguration;
			buildSettings = {
				ASSETCATALOG_COMPILER_APPICON_NAME = AppIcon;
				ASSETCATALOG_COMPILER_GLOBAL_ACCENT_COLOR_NAME = AccentColor;
				CODE_SIGN_STYLE = Automatic;
				CURRENT_PROJECT_VERSION = 1;
				DEVELOPMENT_ASSET_PATHS = "\"LazyVGridExample/Preview Content\"";
				DEVELOPMENT_TEAM = 4UKW9GMJPD;
				ENABLE_PREVIEWS = YES;
				GENERATE_INFOPLIST_FILE = YES;
				INFOPLIST_KEY_UIApplicationSceneManifest_Generation = YES;
				INFOPLIST_KEY_UIApplicationSupportsIndirectInputEvents = YES;
				INFOPLIST_KEY_UILaunchScreen_Generation = YES;
				INFOPLIST_KEY_UISupportedInterfaceOrientations_iPad = "UIInterfaceOrientationPortrait UIInterfaceOrientationPortraitUpsideDown UIInterfaceOrientationLandscapeLeft UIInterfaceOrientationLandscapeRight";
				INFOPLIST_KEY_UISupportedInterfaceOrientations_iPhone = "UIInterfaceOrientationPortrait UIInterfaceOrientationLandscapeLeft UIInterfaceOrientationLandscapeRight";
				LD_RUNPATH_SEARCH_PATHS = (
					"$(inherited)",
					"@executable_path/Frameworks",
				);
				MARKETING_VERSION = 1.0;
				PRODUCT_BUNDLE_IDENTIFIER = co.jasmanarora.LazyVGridExample;
				PRODUCT_NAME = "$(TARGET_NAME)";
				SWIFT_EMIT_LOC_STRINGS = YES;
				SWIFT_VERSION = 5.0;
				TARGETED_DEVICE_FAMILY = "1,2";
			};
			name = Release;
		};
/* End XCBuildConfiguration section */

/* Begin XCConfigurationList section */
		F9AA8C602A00F39D0045AE52 /* Build configuration list for PBXProject "LazyVGridExample" */ = {
			isa = XCConfigurationList;
			buildConfigurations = (
				F9AA8C712A00F39E0045AE52 /* Debug */,
				F9AA8C722A00F39E0045AE52 /* Release */,
			);
			defaultConfigurationIsVisible = 0;
			defaultConfigurationName = Release;
		};
		F9AA8C732A00F39E0045AE52 /* Build configuration list for PBXNativeTarget "LazyVGridExample" */ = {
			isa = XCConfigurationList;
			buildConfigurations = (
				F9AA8C742A00F39E0045AE52 /* Debug */,
				F9AA8C752A00F39E0045AE52 /* Release */,
			);
			defaultConfigurationIsVisible = 0;
			defaultConfigurationName = Release;
		};
/* End XCConfigurationList section */
	};
	rootObject = F9AA8C5D2A00F39D0045AE52 /* Project object */;
}
